
Microsoft Visual Studio Solution File, Format Version 12.00
# Visual Studio Version 16
VisualStudioVersion = 16.0.29306.81
MinimumVisualStudioVersion = 10.0.40219.1
Project("{FAE04EC0-301F-11D3-BF4B-00C04F79EFBC}") = "api", "api.csproj", "{107F8035-7B69-4D94-BB38-8F772316C4D4}"
EndProject
Global
	GlobalSection(SolutionConfigurationPlatforms) = preSolution
		Debug|Any CPU = Debug|Any CPU
		Release|Any CPU = Release|Any CPU
	EndGlobalSection
	GlobalSection(ProjectConfigurationPlatforms) = postSolution
		{107F8035-7B69-4D94-BB38-8F772316C4D4}.Debug|Any CPU.ActiveCfg = Debug|Any CPU
		{107F8035-7B69-4D94-BB38-8F772316C4D4}.Debug|Any CPU.Build.0 = Debug|Any CPU
		{107F8035-7B69-4D94-BB38-8F772316C4D4}.Release|Any CPU.ActiveCfg = Release|Any CPU
		{107F8035-7B69-4D94-BB38-8F772316C4D4}.Release|Any CPU.Build.0 = Release|Any CPU
	EndGlobalSection
	GlobalSection(SolutionProperties) = preSolution
		HideSolutionNode = FALSE
	EndGlobalSection
	GlobalSection(ExtensibilityGlobals) = postSolution
		SolutionGuid = {35CAABB8-93DE-4934-A229-35CC474D4F63}
	EndGlobalSection
EndGlobal
